
Microsoft Visual Studio Solution File, Format Version 12.00
# Visual Studio 15
VisualStudioVersion = 15.0.27004.2008
MinimumVisualStudioVersion = 10.0.40219.1
Project("{9A19103F-16F7-4668-BE54-9A1E7A4F7556}") = "EntityFrameworkCoreMock.Moq", "src\EntityFrameworkCoreMock.Moq\EntityFrameworkCoreMock.Moq.csproj", "{84B1E11A-C0A1-42F5-9F7A-0C55ED2C7D9C}"
EndProject
Project("{9A19103F-16F7-4668-BE54-9A1E7A4F7556}") = "EntityFrameworkCoreMock.Moq.Tests", "tests\EntityFrameworkCoreMock.Moq.Tests\EntityFrameworkCoreMock.Moq.Tests.csproj", "{28EB943C-8D7B-431C-9E44-E849043FF0D5}"
EndProject
Project("{2150E333-8FDC-42A3-9474-1A3956D46DE8}") = "Solution Items", "Solution Items", "{91C5E8E2-DEB7-4F2E-BBAE-2962B44F7C31}"
	ProjectSection(SolutionItems) = preProject
		LICENSE = LICENSE
		README.md = README.md
	EndProjectSection
EndProject
Project("{2150E333-8FDC-42A3-9474-1A3956D46DE8}") = "Moq", "Moq", "{BCEBE803-A099-48BD-AF91-FFD4FA2113FF}"
EndProject
Project("{2150E333-8FDC-42A3-9474-1A3956D46DE8}") = "@Shared", "@Shared", "{E5531D22-3250-4A95-8157-D292B41CD0EE}"
EndProject
Project("{9A19103F-16F7-4668-BE54-9A1E7A4F7556}") = "EntityFrameworkCoreMock.Shared", "src\EntityFrameworkCoreMock.Shared\EntityFrameworkCoreMock.Shared.csproj", "{29D0B720-5189-4A96-92E0-C69AC791C0A0}"
EndProject
Project("{9A19103F-16F7-4668-BE54-9A1E7A4F7556}") = "EntityFrameworkCoreMock.Shared.Tests", "tests\EntityFrameworkCoreMock.Shared.Tests\EntityFrameworkCoreMock.Shared.Tests.csproj", "{9FF1D62C-2103-41BA-98BC-FDB3C13004C8}"
EndProject
Project("{2150E333-8FDC-42A3-9474-1A3956D46DE8}") = "NSubstitute", "NSubstitute", "{6320D96B-E5E7-4183-964E-3A9CC7BAD043}"
EndProject
Project("{9A19103F-16F7-4668-BE54-9A1E7A4F7556}") = "EntityFrameworkCoreMock.NSubstitute.Tests", "tests\EntityFrameworkCoreMock.NSubstitute.Tests\EntityFrameworkCoreMock.NSubstitute.Tests.csproj", "{8E8FB4F1-578A-4DC2-B113-97B87C0E3501}"
EndProject
Project("{9A19103F-16F7-4668-BE54-9A1E7A4F7556}") = "EntityFrameworkCoreMock.NSubstitute", "src\EntityFrameworkCoreMock.NSubstitute\EntityFrameworkCoreMock.NSubstitute.csproj", "{2C669CD3-5428-48EE-A809-53E5B7E4E5A6}"
EndProject
Global
	GlobalSection(SolutionConfigurationPlatforms) = preSolution
		Debug|Any CPU = Debug|Any CPU
		Release|Any CPU = Release|Any CPU
	EndGlobalSection
	GlobalSection(ProjectConfigurationPlatforms) = postSolution
		{84B1E11A-C0A1-42F5-9F7A-0C55ED2C7D9C}.Debug|Any CPU.ActiveCfg = Debug|Any CPU
		{84B1E11A-C0A1-42F5-9F7A-0C55ED2C7D9C}.Debug|Any CPU.Build.0 = Debug|Any CPU
		{84B1E11A-C0A1-42F5-9F7A-0C55ED2C7D9C}.Release|Any CPU.ActiveCfg = Release|Any CPU
		{84B1E11A-C0A1-42F5-9F7A-0C55ED2C7D9C}.Release|Any CPU.Build.0 = Release|Any CPU
		{28EB943C-8D7B-431C-9E44-E849043FF0D5}.Debug|Any CPU.ActiveCfg = Debug|Any CPU
		{28EB943C-8D7B-431C-9E44-E849043FF0D5}.Debug|Any CPU.Build.0 = Debug|Any CPU
		{28EB943C-8D7B-431C-9E44-E849043FF0D5}.Release|Any CPU.ActiveCfg = Release|Any CPU
		{28EB943C-8D7B-431C-9E44-E849043FF0D5}.Release|Any CPU.Build.0 = Release|Any CPU
		{29D0B720-5189-4A96-92E0-C69AC791C0A0}.Debug|Any CPU.ActiveCfg = Debug|Any CPU
		{29D0B720-5189-4A96-92E0-C69AC791C0A0}.Debug|Any CPU.Build.0 = Debug|Any CPU
		{29D0B720-5189-4A96-92E0-C69AC791C0A0}.Release|Any CPU.ActiveCfg = Release|Any CPU
		{29D0B720-5189-4A96-92E0-C69AC791C0A0}.Release|Any CPU.Build.0 = Release|Any CPU
		{9FF1D62C-2103-41BA-98BC-FDB3C13004C8}.Debug|Any CPU.ActiveCfg = Debug|Any CPU
		{9FF1D62C-2103-41BA-98BC-FDB3C13004C8}.Debug|Any CPU.Build.0 = Debug|Any CPU
		{9FF1D62C-2103-41BA-98BC-FDB3C13004C8}.Release|Any CPU.ActiveCfg = Release|Any CPU
		{9FF1D62C-2103-41BA-98BC-FDB3C13004C8}.Release|Any CPU.Build.0 = Release|Any CPU
		{8E8FB4F1-578A-4DC2-B113-97B87C0E3501}.Debug|Any CPU.ActiveCfg = Debug|Any CPU
		{8E8FB4F1-578A-4DC2-B113-97B87C0E3501}.Debug|Any CPU.Build.0 = Debug|Any CPU
		{8E8FB4F1-578A-4DC2-B113-97B87C0E3501}.Release|Any CPU.ActiveCfg = Release|Any CPU
		{8E8FB4F1-578A-4DC2-B113-97B87C0E3501}.Release|Any CPU.Build.0 = Release|Any CPU
		{2C669CD3-5428-48EE-A809-53E5B7E4E5A6}.Debug|Any CPU.ActiveCfg = Debug|Any CPU
		{2C669CD3-5428-48EE-A809-53E5B7E4E5A6}.Debug|Any CPU.Build.0 = Debug|Any CPU
		{2C669CD3-5428-48EE-A809-53E5B7E4E5A6}.Release|Any CPU.ActiveCfg = Release|Any CPU
		{2C669CD3-5428-48EE-A809-53E5B7E4E5A6}.Release|Any CPU.Build.0 = Release|Any CPU
	EndGlobalSection
	GlobalSection(SolutionProperties) = preSolution
		HideSolutionNode = FALSE
	EndGlobalSection
	GlobalSection(NestedProjects) = preSolution
		{84B1E11A-C0A1-42F5-9F7A-0C55ED2C7D9C} = {BCEBE803-A099-48BD-AF91-FFD4FA2113FF}
		{28EB943C-8D7B-431C-9E44-E849043FF0D5} = {BCEBE803-A099-48BD-AF91-FFD4FA2113FF}
		{29D0B720-5189-4A96-92E0-C69AC791C0A0} = {E5531D22-3250-4A95-8157-D292B41CD0EE}
		{9FF1D62C-2103-41BA-98BC-FDB3C13004C8} = {E5531D22-3250-4A95-8157-D292B41CD0EE}
		{8E8FB4F1-578A-4DC2-B113-97B87C0E3501} = {6320D96B-E5E7-4183-964E-3A9CC7BAD043}
		{2C669CD3-5428-48EE-A809-53E5B7E4E5A6} = {6320D96B-E5E7-4183-964E-3A9CC7BAD043}
	EndGlobalSection
	GlobalSection(ExtensibilityGlobals) = postSolution
		SolutionGuid = {FB97BBBC-38CD-45AD-B426-9B8BE64C78AC}
	EndGlobalSection
EndGlobal
